
Microsoft Visual Studio Solution File, Format Version 12.00
# Visual Studio Version 16
VisualStudioVersion = 16.0.29709.97
MinimumVisualStudioVersion = 10.0.40219.1
Project("{FAE04EC0-301F-11D3-BF4B-00C04F79EFBC}") = "helloworld", "helloworld\helloworld.csproj", "{8A25B2E9-7F2C-468D-88B5-66B4D6CE6AC5}"
EndProject
Global
	GlobalSection(SolutionConfigurationPlatforms) = preSolution
		Debug|Any CPU = Debug|Any CPU
		Release|Any CPU = Release|Any CPU
	EndGlobalSection
	GlobalSection(ProjectConfigurationPlatforms) = postSolution
		{8A25B2E9-7F2C-468D-88B5-66B4D6CE6AC5}.Debug|Any CPU.ActiveCfg = Debug|Any CPU
		{8A25B2E9-7F2C-468D-88B5-66B4D6CE6AC5}.Debug|Any CPU.Build.0 = Debug|Any CPU
		{8A25B2E9-7F2C-468D-88B5-66B4D6CE6AC5}.Release|Any CPU.ActiveCfg = Release|Any CPU
		{8A25B2E9-7F2C-468D-88B5-66B4D6CE6AC5}.Release|Any CPU.Build.0 = Release|Any CPU
	EndGlobalSection
	GlobalSection(SolutionProperties) = preSolution
		HideSolutionNode = FALSE
	EndGlobalSection
	GlobalSection(ExtensibilityGlobals) = postSolution
		SolutionGuid = {72283CD6-2851-457E-B5A2-D76B6F0F162E}
	EndGlobalSection
EndGlobal
